
Microsoft Visual Studio Solution File, Format Version 12.00
# Visual Studio Version 17
VisualStudioVersion = 17.0.31903.59
MinimumVisualStudioVersion = 10.0.40219.1
Project("{2150E333-8FDC-42A3-9474-1A3956D46DE8}") = "src", "src", "{4D8DEF48-83F7-4ECD-AF4F-3DEA330B2222}"
EndProject
Project("{FAE04EC0-301F-11D3-BF4B-00C04F79EFBC}") = "GigglyGusts.Host", "src\GigglyGusts.Host\GigglyGusts.Host.csproj", "{9893FF82-0F33-4254-8592-4E110EC83978}"
EndProject
Project("{2150E333-8FDC-42A3-9474-1A3956D46DE8}") = "tests", "tests", "{CB4228B2-AF77-4492-B9BE-78561D5E043D}"
EndProject
Project("{FAE04EC0-301F-11D3-BF4B-00C04F79EFBC}") = "GigglyGusts.Host.Tests", "tests\GigglyGusts.Host.Tests\GigglyGusts.Host.Tests.csproj", "{4BFAEA64-89CA-401A-959F-FB16E8A3309C}"
EndProject
Global
	GlobalSection(SolutionConfigurationPlatforms) = preSolution
		Debug|Any CPU = Debug|Any CPU
		Release|Any CPU = Release|Any CPU
	EndGlobalSection
	GlobalSection(SolutionProperties) = preSolution
		HideSolutionNode = FALSE
	EndGlobalSection
	GlobalSection(ProjectConfigurationPlatforms) = postSolution
		{9893FF82-0F33-4254-8592-4E110EC83978}.Debug|Any CPU.ActiveCfg = Debug|Any CPU
		{9893FF82-0F33-4254-8592-4E110EC83978}.Debug|Any CPU.Build.0 = Debug|Any CPU
		{9893FF82-0F33-4254-8592-4E110EC83978}.Release|Any CPU.ActiveCfg = Release|Any CPU
		{9893FF82-0F33-4254-8592-4E110EC83978}.Release|Any CPU.Build.0 = Release|Any CPU
		{4BFAEA64-89CA-401A-959F-FB16E8A3309C}.Debug|Any CPU.ActiveCfg = Debug|Any CPU
		{4BFAEA64-89CA-401A-959F-FB16E8A3309C}.Debug|Any CPU.Build.0 = Debug|Any CPU
		{4BFAEA64-89CA-401A-959F-FB16E8A3309C}.Release|Any CPU.ActiveCfg = Release|Any CPU
		{4BFAEA64-89CA-401A-959F-FB16E8A3309C}.Release|Any CPU.Build.0 = Release|Any CPU
	EndGlobalSection
	GlobalSection(NestedProjects) = preSolution
		{9893FF82-0F33-4254-8592-4E110EC83978} = {4D8DEF48-83F7-4ECD-AF4F-3DEA330B2222}
		{4BFAEA64-89CA-401A-959F-FB16E8A3309C} = {CB4228B2-AF77-4492-B9BE-78561D5E043D}
	EndGlobalSection
EndGlobal
